// !$*UTF8*$!
{
	archiveVersion = 1;
	classes = {
	};
	objectVersion = 46;
	objects = {

/* Begin PBXBuildFile section */
		240652041A38D2AD00AB61CB /* main.m in Sources */ = {isa = PBXBuildFile; fileRef = 240652031A38D2AD00AB61CB /* main.m */; };
		240652071A38D2AD00AB61CB /* AppDelegate.m in Sources */ = {isa = PBXBuildFile; fileRef = 240652061A38D2AD00AB61CB /* AppDelegate.m */; };
		2406520A1A38D2AD00AB61CB /* ViewController.m in Sources */ = {isa = PBXBuildFile; fileRef = 240652091A38D2AD00AB61CB /* ViewController.m */; };
		2406520D1A38D2AD00AB61CB /* Main.storyboard in Resources */ = {isa = PBXBuildFile; fileRef = 2406520B1A38D2AD00AB61CB /* Main.storyboard */; };
		2406520F1A38D2AD00AB61CB /* Images.xcassets in Resources */ = {isa = PBXBuildFile; fileRef = 2406520E1A38D2AD00AB61CB /* Images.xcassets */; };
		240652121A38D2AD00AB61CB /* LaunchScreen.xib in Resources */ = {isa = PBXBuildFile; fileRef = 240652101A38D2AD00AB61CB /* LaunchScreen.xib */; };
		2406521E1A38D2AE00AB61CB /* TemplateImageButtonTestTests.m in Sources */ = {isa = PBXBuildFile; fileRef = 2406521D1A38D2AE00AB61CB /* TemplateImageButtonTestTests.m */; };
/* End PBXBuildFile section */

/* Begin PBXContainerItemProxy section */
		240652181A38D2AE00AB61CB /* PBXContainerItemProxy */ = {
			isa = PBXContainerItemProxy;
			containerPortal = 240651F61A38D2AD00AB61CB /* Project object */;
			proxyType = 1;
			remoteGlobalIDString = 240651FD1A38D2AD00AB61CB;
			remoteInfo = TemplateImageButtonTest;
		};
/* End PBXContainerItemProxy section */

/* Begin PBXFileReference section */
		240651FE1A38D2AD00AB61CB /* TemplateImageButtonTest.app */ = {isa = PBXFileReference; explicitFileType = wrapper.application; includeInIndex = 0; path = TemplateImageButtonTest.app; sourceTree = BUILT_PRODUCTS_DIR; };
		240652021A38D2AD00AB61CB /* Info.plist */ = {isa = PBXFileReference; lastKnownFileType = text.plist.xml; path = Info.plist; sourceTree = "<group>"; };
		240652031A38D2AD00AB61CB /* main.m */ = {isa = PBXFileReference; lastKnownFileType = sourcecode.c.objc; path = main.m; sourceTree = "<group>"; };
		240652051A38D2AD00AB61CB /* AppDelegate.h */ = {isa = PBXFileReference; lastKnownFileType = sourcecode.c.h; path = AppDelegate.h; sourceTree = "<group>"; };
		240652061A38D2AD00AB61CB /* AppDelegate.m */ = {isa = PBXFileReference; lastKnownFileType = sourcecode.c.objc; path = AppDelegate.m; sourceTree = "<group>"; };
		240652081A38D2AD00AB61CB /* ViewController.h */ = {isa = PBXFileReference; lastKnownFileType = sourcecode.c.h; path = ViewController.h; sourceTree = "<group>"; };
		240652091A38D2AD00AB61CB /* ViewController.m */ = {isa = PBXFileReference; lastKnownFileType = sourcecode.c.objc; path = ViewController.m; sourceTree = "<group>"; };
		2406520C1A38D2AD00AB61CB /* Base */ = {isa = PBXFileReference; lastKnownFileType = file.storyboard; name = Base; path = Base.lproj/Main.storyboard; sourceTree = "<group>"; };
		2406520E1A38D2AD00AB61CB /* Images.xcassets */ = {isa = PBXFileReference; lastKnownFileType = folder.assetcatalog; path = Images.xcassets; sourceTree = "<group>"; };
		240652111A38D2AD00AB61CB /* Base */ = {isa = PBXFileReference; lastKnownFileType = file.xib; name = Base; path = Base.lproj/LaunchScreen.xib; sourceTree = "<group>"; };
		240652171A38D2AE00AB61CB /* TemplateImageButtonTestTests.xctest */ = {isa = PBXFileReference; explicitFileType = wrapper.cfbundle; includeInIndex = 0; path = TemplateImageButtonTestTests.xctest; sourceTree = BUILT_PRODUCTS_DIR; };
		2406521C1A38D2AE00AB61CB /* Info.plist */ = {isa = PBXFileReference; lastKnownFileType = text.plist.xml; path = Info.plist; sourceTree = "<group>"; };
		2406521D1A38D2AE00AB61CB /* TemplateImageButtonTestTests.m */ = {isa = PBXFileReference; lastKnownFileType = sourcecode.c.objc; path = TemplateImageButtonTestTests.m; sourceTree = "<group>"; };
/* End PBXFileReference section */

/* Begin PBXFrameworksBuildPhase section */
		240651FB1A38D2AD00AB61CB /* Frameworks */ = {
			isa = PBXFrameworksBuildPhase;
			buildActionMask = 2147483647;
			files = (
			);
			runOnlyForDeploymentPostprocessing = 0;
		};
		240652141A38D2AE00AB61CB /* Frameworks */ = {
			isa = PBXFrameworksBuildPhase;
			buildActionMask = 2147483647;
			files = (
			);
			runOnlyForDeploymentPostprocessing = 0;
		};
/* End PBXFrameworksBuildPhase section */

/* Begin PBXGroup section */
		240651F51A38D2AD00AB61CB = {
			isa = PBXGroup;
			children = (
				240652001A38D2AD00AB61CB /* TemplateImageButtonTest */,
				2406521A1A38D2AE00AB61CB /* TemplateImageButtonTestTests */,
				240651FF1A38D2AD00AB61CB /* Products */,
			);
			sourceTree = "<group>";
		};
		240651FF1A38D2AD00AB61CB /* Products */ = {
			isa = PBXGroup;
			children = (
				240651FE1A38D2AD00AB61CB /* TemplateImageButtonTest.app */,
				240652171A38D2AE00AB61CB /* TemplateImageButtonTestTests.xctest */,
			);
			name = Products;
			sourceTree = "<group>";
		};
		240652001A38D2AD00AB61CB /* TemplateImageButtonTest */ = {
			isa = PBXGroup;
			children = (
				240652051A38D2AD00AB61CB /* AppDelegate.h */,
				240652061A38D2AD00AB61CB /* AppDelegate.m */,
				240652081A38D2AD00AB61CB /* ViewController.h */,
				240652091A38D2AD00AB61CB /* ViewController.m */,
				2406520B1A38D2AD00AB61CB /* Main.storyboard */,
				2406520E1A38D2AD00AB61CB /* Images.xcassets */,
				240652101A38D2AD00AB61CB /* LaunchScreen.xib */,
				240652011A38D2AD00AB61CB /* Supporting Files */,
			);
			path = TemplateImageButtonTest;
			sourceTree = "<group>";
		};
		240652011A38D2AD00AB61CB /* Supporting Files */ = {
			isa = PBXGroup;
			children = (
				240652021A38D2AD00AB61CB /* Info.plist */,
				240652031A38D2AD00AB61CB /* main.m */,
			);
			name = "Supporting Files";
			sourceTree = "<group>";
		};
		2406521A1A38D2AE00AB61CB /* TemplateImageButtonTestTests */ = {
			isa = PBXGroup;
			children = (
				2406521D1A38D2AE00AB61CB /* TemplateImageButtonTestTests.m */,
				2406521B1A38D2AE00AB61CB /* Supporting Files */,
			);
			path = TemplateImageButtonTestTests;
			sourceTree = "<group>";
		};
		2406521B1A38D2AE00AB61CB /* Supporting Files */ = {
			isa = PBXGroup;
			children = (
				2406521C1A38D2AE00AB61CB /* Info.plist */,
			);
			name = "Supporting Files";
			sourceTree = "<group>";
		};
/* End PBXGroup section */

/* Begin PBXNativeTarget section */
		240651FD1A38D2AD00AB61CB /* TemplateImageButtonTest */ = {
			isa = PBXNativeTarget;
			buildConfigurationList = 240652211A38D2AE00AB61CB /* Build configuration list for PBXNativeTarget "TemplateImageButtonTest" */;
			buildPhases = (
				240651FA1A38D2AD00AB61CB /* Sources */,
				240651FB1A38D2AD00AB61CB /* Frameworks */,
				240651FC1A38D2AD00AB61CB /* Resources */,
			);
			buildRules = (
			);
			dependencies = (
			);
			name = TemplateImageButtonTest;
			productName = TemplateImageButtonTest;
			productReference = 240651FE1A38D2AD00AB61CB /* TemplateImageButtonTest.app */;
			productType = "com.apple.product-type.application";
		};
		240652161A38D2AE00AB61CB /* TemplateImageButtonTestTests */ = {
			isa = PBXNativeTarget;
			buildConfigurationList = 240652241A38D2AE00AB61CB /* Build configuration list for PBXNativeTarget "TemplateImageButtonTestTests" */;
			buildPhases = (
				240652131A38D2AE00AB61CB /* Sources */,
				240652141A38D2AE00AB61CB /* Frameworks */,
				240652151A38D2AE00AB61CB /* Resources */,
			);
			buildRules = (
			);
			dependencies = (
				240652191A38D2AE00AB61CB /* PBXTargetDependency */,
			);
			name = TemplateImageButtonTestTests;
			productName = TemplateImageButtonTestTests;
			productReference = 240652171A38D2AE00AB61CB /* TemplateImageButtonTestTests.xctest */;
			productType = "com.apple.product-type.bundle.unit-test";
		};
/* End PBXNativeTarget section */

/* Begin PBXProject section */
		240651F61A38D2AD00AB61CB /* Project object */ = {
			isa = PBXProject;
			attributes = {
				LastUpgradeCheck = 0610;
				ORGANIZATIONNAME = "Daniel Tull";
				TargetAttributes = {
					240651FD1A38D2AD00AB61CB = {
						CreatedOnToolsVersion = 6.1.1;
					};
					240652161A38D2AE00AB61CB = {
						CreatedOnToolsVersion = 6.1.1;
						TestTargetID = 240651FD1A38D2AD00AB61CB;
					};
				};
			};
			buildConfigurationList = 240651F91A38D2AD00AB61CB /* Build configuration list for PBXProject "TemplateImageButtonTest" */;
			compatibilityVersion = "Xcode 3.2";
			developmentRegion = English;
			hasScannedForEncodings = 0;
			knownRegions = (
				en,
				Base,
			);
			mainGroup = 240651F51A38D2AD00AB61CB;
			productRefGroup = 240651FF1A38D2AD00AB61CB /* Products */;
			projectDirPath = "";
			projectRoot = "";
			targets = (
				240651FD1A38D2AD00AB61CB /* TemplateImageButtonTest */,
				240652161A38D2AE00AB61CB /* TemplateImageButtonTestTests */,
			);
		};
/* End PBXProject section */

/* Begin PBXResourcesBuildPhase section */
		240651FC1A38D2AD00AB61CB /* Resources */ = {
			isa = PBXResourcesBuildPhase;
			buildActionMask = 2147483647;
			files = (
				2406520D1A38D2AD00AB61CB /* Main.storyboard in Resources */,
				240652121A38D2AD00AB61CB /* LaunchScreen.xib in Resources */,
				2406520F1A38D2AD00AB61CB /* Images.xcassets in Resources */,
			);
			runOnlyForDeploymentPostprocessing = 0;
		};
		240652151A38D2AE00AB61CB /* Resources */ = {
			isa = PBXResourcesBuildPhase;
			buildActionMask = 2147483647;
			files = (
			);
			runOnlyForDeploymentPostprocessing = 0;
		};
/* End PBXResourcesBuildPhase section */

/* Begin PBXSourcesBuildPhase section */
		240651FA1A38D2AD00AB61CB /* Sources */ = {
			isa = PBXSourcesBuildPhase;
			buildActionMask = 2147483647;
			files = (
				2406520A1A38D2AD00AB61CB /* ViewController.m in Sources */,
				240652071A38D2AD00AB61CB /* AppDelegate.m in Sources */,
				240652041A38D2AD00AB61CB /* main.m in Sources */,
			);
			runOnlyForDeploymentPostprocessing = 0;
		};
		240652131A38D2AE00AB61CB /* Sources */ = {
			isa = PBXSourcesBuildPhase;
			buildActionMask = 2147483647;
			files = (
				2406521E1A38D2AE00AB61CB /* TemplateImageButtonTestTests.m in Sources */,
			);
			runOnlyForDeploymentPostprocessing = 0;
		};
/* End PBXSourcesBuildPhase section */

/* Begin PBXTargetDependency section */
		240652191A38D2AE00AB61CB /* PBXTargetDependency */ = {
			isa = PBXTargetDependency;
			target = 240651FD1A38D2AD00AB61CB /* TemplateImageButtonTest */;
			targetProxy = 240652181A38D2AE00AB61CB /* PBXContainerItemProxy */;
		};
/* End PBXTargetDependency section */

/* Begin PBXVariantGroup section */
		2406520B1A38D2AD00AB61CB /* Main.storyboard */ = {
			isa = PBXVariantGroup;
			children = (
				2406520C1A38D2AD00AB61CB /* Base */,
			);
			name = Main.storyboard;
			sourceTree = "<group>";
		};
		240652101A38D2AD00AB61CB /* LaunchScreen.xib */ = {
			isa = PBXVariantGroup;
			children = (
				240652111A38D2AD00AB61CB /* Base */,
			);
			name = LaunchScreen.xib;
			sourceTree = "<group>";
		};
/* End PBXVariantGroup section */

/* Begin XCBuildConfiguration section */
		2406521F1A38D2AE00AB61CB /* Debug */ = {
			isa = XCBuildConfiguration;
			buildSettings = {
				ALWAYS_SEARCH_USER_PATHS = NO;
				CLANG_CXX_LANGUAGE_STANDARD = "gnu++0x";
				CLANG_CXX_LIBRARY = "libc++";
				CLANG_ENABLE_MODULES = YES;
				CLANG_ENABLE_OBJC_ARC = YES;
				CLANG_WARN_BOOL_CONVERSION = YES;
				CLANG_WARN_CONSTANT_CONVERSION = YES;
				CLANG_WARN_DIRECT_OBJC_ISA_USAGE = YES_ERROR;
				CLANG_WARN_EMPTY_BODY = YES;
				CLANG_WARN_ENUM_CONVERSION = YES;
				CLANG_WARN_INT_CONVERSION = YES;
				CLANG_WARN_OBJC_ROOT_CLASS = YES_ERROR;
				CLANG_WARN_UNREACHABLE_CODE = YES;
				CLANG_WARN__DUPLICATE_METHOD_MATCH = YES;
				"CODE_SIGN_IDENTITY[sdk=iphoneos*]" = "iPhone Developer";
				COPY_PHASE_STRIP = NO;
				ENABLE_STRICT_OBJC_MSGSEND = YES;
				GCC_C_LANGUAGE_STANDARD = gnu99;
				GCC_DYNAMIC_NO_PIC = NO;
				GCC_OPTIMIZATION_LEVEL = 0;
				GCC_PREPROCESSOR_DEFINITIONS = (
					"DEBUG=1",
					"$(inherited)",
				);
				GCC_SYMBOLS_PRIVATE_EXTERN = NO;
				GCC_WARN_64_TO_32_BIT_CONVERSION = YES;
				GCC_WARN_ABOUT_RETURN_TYPE = YES_ERROR;
				GCC_WARN_UNDECLARED_SELECTOR = YES;
				GCC_WARN_UNINITIALIZED_AUTOS = YES_AGGRESSIVE;
				GCC_WARN_UNUSED_FUNCTION = YES;
				GCC_WARN_UNUSED_VARIABLE = YES;
				IPHONEOS_DEPLOYMENT_TARGET = 8.1;
				MTL_ENABLE_DEBUG_INFO = YES;
				ONLY_ACTIVE_ARCH = YES;
				SDKROOT = iphoneos;
			};
			name = Debug;
		};
		240652201A38D2AE00AB61CB /* Release */ = {
			isa = XCBuildConfiguration;
			buildSettings = {
				ALWAYS_SEARCH_USER_PATHS = NO;
				CLANG_CXX_LANGUAGE_STANDARD = "gnu++0x";
				CLANG_CXX_LIBRARY = "libc++";
				CLANG_ENABLE_MODULES = YES;
				CLANG_ENABLE_OBJC_ARC = YES;
				CLANG_WARN_BOOL_CONVERSION = YES;
				CLANG_WARN_CONSTANT_CONVERSION = YES;
				CLANG_WARN_DIRECT_OBJC_ISA_USAGE = YES_ERROR;
				CLANG_WARN_EMPTY_BODY = YES;
				CLANG_WARN_ENUM_CONVERSION = YES;
				CLANG_WARN_INT_CONVERSION = YES;
				CLANG_WARN_OBJC_ROOT_CLASS = YES_ERROR;
				CLANG_WARN_UNREACHABLE_CODE = YES;
				CLANG_WARN__DUPLICATE_METHOD_MATCH = YES;
				"CODE_SIGN_IDENTITY[sdk=iphoneos*]" = "iPhone Developer";
				COPY_PHASE_STRIP = YES;
				ENABLE_NS_ASSERTIONS = NO;
				ENABLE_STRICT_OBJC_MSGSEND = YES;
				GCC_C_LANGUAGE_STANDARD = gnu99;
				GCC_WARN_64_TO_32_BIT_CONVERSION = YES;
				GCC_WARN_ABOUT_RETURN_TYPE = YES_ERROR;
				GCC_WARN_UNDECLARED_SELECTOR = YES;
				GCC_WARN_UNINITIALIZED_AUTOS = YES_AGGRESSIVE;
				GCC_WARN_UNUSED_FUNCTION = YES;
				GCC_WARN_UNUSED_VARIABLE = YES;
				IPHONEOS_DEPLOYMENT_TARGET = 8.1;
				MTL_ENABLE_DEBUG_INFO = NO;
				SDKROOT = iphoneos;
				VALIDATE_PRODUCT = YES;
			};
			name = Release;
		};
		240652221A38D2AE00AB61CB /* Debug */ = {
			isa = XCBuildConfiguration;
			buildSettings = {
				ASSETCATALOG_COMPILER_APPICON_NAME = AppIcon;
				INFOPLIST_FILE = TemplateImageButtonTest/Info.plist;
				LD_RUNPATH_SEARCH_PATHS = "$(inherited) @executable_path/Frameworks";
				PRODUCT_NAME = "$(TARGET_NAME)";
			};
			name = Debug;
		};
		240652231A38D2AE00AB61CB /* Release */ = {
			isa = XCBuildConfiguration;
			buildSettings = {
				ASSETCATALOG_COMPILER_APPICON_NAME = AppIcon;
				INFOPLIST_FILE = TemplateImageButtonTest/Info.plist;
				LD_RUNPATH_SEARCH_PATHS = "$(inherited) @executable_path/Frameworks";
				PRODUCT_NAME = "$(TARGET_NAME)";
			};
			name = Release;
		};
		240652251A38D2AE00AB61CB /* Debug */ = {
			isa = XCBuildConfiguration;
			buildSettings = {
				BUNDLE_LOADER = "$(TEST_HOST)";
				FRAMEWORK_SEARCH_PATHS = (
					"$(SDKROOT)/Developer/Library/Frameworks",
					"$(inherited)",
				);
				GCC_PREPROCESSOR_DEFINITIONS = (
					"DEBUG=1",
					"$(inherited)",
				);
				INFOPLIST_FILE = TemplateImageButtonTestTests/Info.plist;
				LD_RUNPATH_SEARCH_PATHS = "$(inherited) @executable_path/Frameworks @loader_path/Frameworks";
				PRODUCT_NAME = "$(TARGET_NAME)";
				TEST_HOST = "$(BUILT_PRODUCTS_DIR)/TemplateImageButtonTest.app/TemplateImageButtonTest";
			};
			name = Debug;
		};
		240652261A38D2AE00AB61CB /* Release */ = {
			isa = XCBuildConfiguration;
			buildSettings = {
				BUNDLE_LOADER = "$(TEST_HOST)";
				FRAMEWORK_SEARCH_PATHS = (
					"$(SDKROOT)/Developer/Library/Frameworks",
					"$(inherited)",
				);
				INFOPLIST_FILE = TemplateImageButtonTestTests/Info.plist;
				LD_RUNPATH_SEARCH_PATHS = "$(inherited) @executable_path/Frameworks @loader_path/Frameworks";
				PRODUCT_NAME = "$(TARGET_NAME)";
				TEST_HOST = "$(BUILT_PRODUCTS_DIR)/TemplateImageButtonTest.app/TemplateImageButtonTest";
			};
			name = Release;
		};
/* End XCBuildConfiguration section */

/* Begin XCConfigurationList section */
		240651F91A38D2AD00AB61CB /* Build configuration list for PBXProject "TemplateImageButtonTest" */ = {
			isa = XCConfigurationList;
			buildConfigurations = (
				2406521F1A38D2AE00AB61CB /* Debug */,
				240652201A38D2AE00AB61CB /* Release */,
			);
			defaultConfigurationIsVisible = 0;
			defaultConfigurationName = Release;
		};
		240652211A38D2AE00AB61CB /* Build configuration list for PBXNativeTarget "TemplateImageButtonTest" */ = {
			isa = XCConfigurationList;
			buildConfigurations = (
				240652221A38D2AE00AB61CB /* Debug */,
				240652231A38D2AE00AB61CB /* Release */,
			);
			defaultConfigurationIsVisible = 0;
		};
		240652241A38D2AE00AB61CB /* Build configuration list for PBXNativeTarget "TemplateImageButtonTestTests" */ = {
			isa = XCConfigurationList;
			buildConfigurations = (
				240652251A38D2AE00AB61CB /* Debug */,
				240652261A38D2AE00AB61CB /* Release */,
			);
			defaultConfigurationIsVisible = 0;
		};
/* End XCConfigurationList section */
	};
	rootObject = 240651F61A38D2AD00AB61CB /* Project object */;
}
